
Microsoft Visual Studio Solution File, Format Version 12.00
# Visual Studio Version 17
VisualStudioVersion = 17.2.32616.157
MinimumVisualStudioVersion = 10.0.40219.1
Project("{9A19103F-16F7-4668-BE54-9A1E7A4F7556}") = "CongestionDomain", "CongestionDomain\CongestionDomain.csproj", "{C10CF931-24F6-4947-9781-29F6BA83C3B8}"
EndProject
Project("{9A19103F-16F7-4668-BE54-9A1E7A4F7556}") = "Congestion.Infrastructure", "Congestion.Infrastructure\Congestion.Infrastructure.csproj", "{8D3C5FF1-FB54-4225-B654-8DA290BC81F1}"
EndProject
Project("{FAE04EC0-301F-11D3-BF4B-00C04F79EFBC}") = "Congestion.Application", "Congestion.Application\Congestion.Application.csproj", "{BA0FD74C-810C-4666-B2C5-FD759A7D50EB}"
EndProject
Project("{FAE04EC0-301F-11D3-BF4B-00C04F79EFBC}") = "Congestion.Api", "Congestion.Api\Congestion.Api.csproj", "{11F30253-A5B2-461C-ADC0-A9DB9A02CF43}"
EndProject
Global
	GlobalSection(SolutionConfigurationPlatforms) = preSolution
		Debug|Any CPU = Debug|Any CPU
		Release|Any CPU = Release|Any CPU
	EndGlobalSection
	GlobalSection(ProjectConfigurationPlatforms) = postSolution
		{C10CF931-24F6-4947-9781-29F6BA83C3B8}.Debug|Any CPU.ActiveCfg = Debug|Any CPU
		{C10CF931-24F6-4947-9781-29F6BA83C3B8}.Debug|Any CPU.Build.0 = Debug|Any CPU
		{C10CF931-24F6-4947-9781-29F6BA83C3B8}.Release|Any CPU.ActiveCfg = Release|Any CPU
		{C10CF931-24F6-4947-9781-29F6BA83C3B8}.Release|Any CPU.Build.0 = Release|Any CPU
		{8D3C5FF1-FB54-4225-B654-8DA290BC81F1}.Debug|Any CPU.ActiveCfg = Debug|Any CPU
		{8D3C5FF1-FB54-4225-B654-8DA290BC81F1}.Debug|Any CPU.Build.0 = Debug|Any CPU
		{8D3C5FF1-FB54-4225-B654-8DA290BC81F1}.Release|Any CPU.ActiveCfg = Release|Any CPU
		{8D3C5FF1-FB54-4225-B654-8DA290BC81F1}.Release|Any CPU.Build.0 = Release|Any CPU
		{BA0FD74C-810C-4666-B2C5-FD759A7D50EB}.Debug|Any CPU.ActiveCfg = Debug|Any CPU
		{BA0FD74C-810C-4666-B2C5-FD759A7D50EB}.Debug|Any CPU.Build.0 = Debug|Any CPU
		{BA0FD74C-810C-4666-B2C5-FD759A7D50EB}.Release|Any CPU.ActiveCfg = Release|Any CPU
		{BA0FD74C-810C-4666-B2C5-FD759A7D50EB}.Release|Any CPU.Build.0 = Release|Any CPU
		{11F30253-A5B2-461C-ADC0-A9DB9A02CF43}.Debug|Any CPU.ActiveCfg = Debug|Any CPU
		{11F30253-A5B2-461C-ADC0-A9DB9A02CF43}.Debug|Any CPU.Build.0 = Debug|Any CPU
		{11F30253-A5B2-461C-ADC0-A9DB9A02CF43}.Release|Any CPU.ActiveCfg = Release|Any CPU
		{11F30253-A5B2-461C-ADC0-A9DB9A02CF43}.Release|Any CPU.Build.0 = Release|Any CPU
	EndGlobalSection
	GlobalSection(SolutionProperties) = preSolution
		HideSolutionNode = FALSE
	EndGlobalSection
	GlobalSection(ExtensibilityGlobals) = postSolution
		SolutionGuid = {92ECA53E-8DAE-41A8-8092-19177040AFCB}
	EndGlobalSection
EndGlobal
